
Microsoft Visual Studio Solution File, Format Version 12.00
# Visual Studio Version 17
VisualStudioVersion = 17.1.32210.238
MinimumVisualStudioVersion = 10.0.40219.1
Project("{9A19103F-16F7-4668-BE54-9A1E7A4F7556}") = "FoodRecord.API", "FoodRecord.API\FoodRecord.API.csproj", "{9C700A14-2ADF-4973-9751-8F2CCF003D46}"
EndProject
Project("{9A19103F-16F7-4668-BE54-9A1E7A4F7556}") = "FoodRecord.Worker", "FoodRecord.Worker\FoodRecord.Worker.csproj", "{A8959270-D90B-4BB0-A869-BE40F94CC098}"
EndProject
Project("{2150E333-8FDC-42A3-9474-1A3956D46DE8}") = "Core", "Core", "{9DCD9885-CCE8-471C-ABDC-88251472E75B}"
EndProject
Project("{FAE04EC0-301F-11D3-BF4B-00C04F79EFBC}") = "FoodRecord.Data", "FoodRecord.Core\FoodRecord.Data\FoodRecord.Data.csproj", "{67107009-17E6-4187-B419-36D94C2F70B7}"
EndProject
Project("{FAE04EC0-301F-11D3-BF4B-00C04F79EFBC}") = "FoodRecord.Service", "FoodRecord.Service\FoodRecord.Service.csproj", "{3FA5CF11-3A37-4DB7-A7CA-4E61571FDEB6}"
EndProject
Global
	GlobalSection(SolutionConfigurationPlatforms) = preSolution
		Debug|Any CPU = Debug|Any CPU
		Release|Any CPU = Release|Any CPU
	EndGlobalSection
	GlobalSection(ProjectConfigurationPlatforms) = postSolution
		{9C700A14-2ADF-4973-9751-8F2CCF003D46}.Debug|Any CPU.ActiveCfg = Debug|Any CPU
		{9C700A14-2ADF-4973-9751-8F2CCF003D46}.Debug|Any CPU.Build.0 = Debug|Any CPU
		{9C700A14-2ADF-4973-9751-8F2CCF003D46}.Release|Any CPU.ActiveCfg = Release|Any CPU
		{9C700A14-2ADF-4973-9751-8F2CCF003D46}.Release|Any CPU.Build.0 = Release|Any CPU
		{A8959270-D90B-4BB0-A869-BE40F94CC098}.Debug|Any CPU.ActiveCfg = Debug|Any CPU
		{A8959270-D90B-4BB0-A869-BE40F94CC098}.Debug|Any CPU.Build.0 = Debug|Any CPU
		{A8959270-D90B-4BB0-A869-BE40F94CC098}.Release|Any CPU.ActiveCfg = Release|Any CPU
		{A8959270-D90B-4BB0-A869-BE40F94CC098}.Release|Any CPU.Build.0 = Release|Any CPU
		{67107009-17E6-4187-B419-36D94C2F70B7}.Debug|Any CPU.ActiveCfg = Debug|Any CPU
		{67107009-17E6-4187-B419-36D94C2F70B7}.Debug|Any CPU.Build.0 = Debug|Any CPU
		{67107009-17E6-4187-B419-36D94C2F70B7}.Release|Any CPU.ActiveCfg = Release|Any CPU
		{67107009-17E6-4187-B419-36D94C2F70B7}.Release|Any CPU.Build.0 = Release|Any CPU
		{3FA5CF11-3A37-4DB7-A7CA-4E61571FDEB6}.Debug|Any CPU.ActiveCfg = Debug|Any CPU
		{3FA5CF11-3A37-4DB7-A7CA-4E61571FDEB6}.Debug|Any CPU.Build.0 = Debug|Any CPU
		{3FA5CF11-3A37-4DB7-A7CA-4E61571FDEB6}.Release|Any CPU.ActiveCfg = Release|Any CPU
		{3FA5CF11-3A37-4DB7-A7CA-4E61571FDEB6}.Release|Any CPU.Build.0 = Release|Any CPU
	EndGlobalSection
	GlobalSection(SolutionProperties) = preSolution
		HideSolutionNode = FALSE
	EndGlobalSection
	GlobalSection(NestedProjects) = preSolution
		{67107009-17E6-4187-B419-36D94C2F70B7} = {9DCD9885-CCE8-471C-ABDC-88251472E75B}
		{3FA5CF11-3A37-4DB7-A7CA-4E61571FDEB6} = {9DCD9885-CCE8-471C-ABDC-88251472E75B}
	EndGlobalSection
	GlobalSection(ExtensibilityGlobals) = postSolution
		SolutionGuid = {277D012E-63BC-4980-BAC8-90184C9927CE}
	EndGlobalSection
EndGlobal
